
Microsoft Visual Studio Solution File, Format Version 12.00
# Visual Studio Version 16
VisualStudioVersion = 16.0.32630.194
MinimumVisualStudioVersion = 10.0.40219.1
Project("{FAE04EC0-301F-11D3-BF4B-00C04F79EFBC}") = "Metotlar", "Metotlar\Metotlar.csproj", "{1AD6FBC6-25AE-4B9A-A191-F1312FCC3702}"
EndProject
Project("{FAE04EC0-301F-11D3-BF4B-00C04F79EFBC}") = "Matematik", "Matematik\Matematik.csproj", "{02DC0530-E770-4445-8242-2CEDE3B7793A}"
EndProject
Project("{FAE04EC0-301F-11D3-BF4B-00C04F79EFBC}") = "DegerVeReferansTipler", "DegerVeReferansTipler\DegerVeReferansTipler.csproj", "{D9D853AF-7C13-448C-B1C8-88047A316952}"
EndProject
Global
	GlobalSection(SolutionConfigurationPlatforms) = preSolution
		Debug|Any CPU = Debug|Any CPU
		Release|Any CPU = Release|Any CPU
	EndGlobalSection
	GlobalSection(ProjectConfigurationPlatforms) = postSolution
		{1AD6FBC6-25AE-4B9A-A191-F1312FCC3702}.Debug|Any CPU.ActiveCfg = Debug|Any CPU
		{1AD6FBC6-25AE-4B9A-A191-F1312FCC3702}.Debug|Any CPU.Build.0 = Debug|Any CPU
		{1AD6FBC6-25AE-4B9A-A191-F1312FCC3702}.Release|Any CPU.ActiveCfg = Release|Any CPU
		{1AD6FBC6-25AE-4B9A-A191-F1312FCC3702}.Release|Any CPU.Build.0 = Release|Any CPU
		{02DC0530-E770-4445-8242-2CEDE3B7793A}.Debug|Any CPU.ActiveCfg = Debug|Any CPU
		{02DC0530-E770-4445-8242-2CEDE3B7793A}.Debug|Any CPU.Build.0 = Debug|Any CPU
		{02DC0530-E770-4445-8242-2CEDE3B7793A}.Release|Any CPU.ActiveCfg = Release|Any CPU
		{02DC0530-E770-4445-8242-2CEDE3B7793A}.Release|Any CPU.Build.0 = Release|Any CPU
		{D9D853AF-7C13-448C-B1C8-88047A316952}.Debug|Any CPU.ActiveCfg = Debug|Any CPU
		{D9D853AF-7C13-448C-B1C8-88047A316952}.Debug|Any CPU.Build.0 = Debug|Any CPU
		{D9D853AF-7C13-448C-B1C8-88047A316952}.Release|Any CPU.ActiveCfg = Release|Any CPU
		{D9D853AF-7C13-448C-B1C8-88047A316952}.Release|Any CPU.Build.0 = Release|Any CPU
	EndGlobalSection
	GlobalSection(SolutionProperties) = preSolution
		HideSolutionNode = FALSE
	EndGlobalSection
	GlobalSection(ExtensibilityGlobals) = postSolution
		SolutionGuid = {9C6595B2-F3E7-460F-B786-65527FBA496E}
	EndGlobalSection
EndGlobal
